
Microsoft Visual Studio Solution File, Format Version 12.00
# Visual Studio 15
VisualStudioVersion = 15.0.28307.136
MinimumVisualStudioVersion = 10.0.40219.1
Project("{FAE04EC0-301F-11D3-BF4B-00C04F79EFBC}") = "DotNetCoreAsyncBasic", "DotNetCoreAsyncBasic\DotNetCoreAsyncBasic.csproj", "{B3953276-4C25-4AFD-A1D7-421A3E528E67}"
EndProject
Global
	GlobalSection(SolutionConfigurationPlatforms) = preSolution
		Debug|Any CPU = Debug|Any CPU
		Release|Any CPU = Release|Any CPU
	EndGlobalSection
	GlobalSection(ProjectConfigurationPlatforms) = postSolution
		{B3953276-4C25-4AFD-A1D7-421A3E528E67}.Debug|Any CPU.ActiveCfg = Debug|Any CPU
		{B3953276-4C25-4AFD-A1D7-421A3E528E67}.Debug|Any CPU.Build.0 = Debug|Any CPU
		{B3953276-4C25-4AFD-A1D7-421A3E528E67}.Release|Any CPU.ActiveCfg = Release|Any CPU
		{B3953276-4C25-4AFD-A1D7-421A3E528E67}.Release|Any CPU.Build.0 = Release|Any CPU
	EndGlobalSection
	GlobalSection(SolutionProperties) = preSolution
		HideSolutionNode = FALSE
	EndGlobalSection
	GlobalSection(ExtensibilityGlobals) = postSolution
		SolutionGuid = {A79CBEA7-DBD9-43AA-84ED-52F15DD96513}
	EndGlobalSection
EndGlobal
