
Microsoft Visual Studio Solution File, Format Version 12.00
# Visual Studio 15
VisualStudioVersion = 15.0.28307.136
MinimumVisualStudioVersion = 10.0.40219.1
Project("{FAE04EC0-301F-11D3-BF4B-00C04F79EFBC}") = "ReactReduxBookList", "ReactReduxBookList\ReactReduxBookList.csproj", "{26319180-2A3F-4237-B789-1B09368039BE}"
EndProject
Global
	GlobalSection(SolutionConfigurationPlatforms) = preSolution
		Debug|Any CPU = Debug|Any CPU
		Release|Any CPU = Release|Any CPU
	EndGlobalSection
	GlobalSection(ProjectConfigurationPlatforms) = postSolution
		{26319180-2A3F-4237-B789-1B09368039BE}.Debug|Any CPU.ActiveCfg = Debug|Any CPU
		{26319180-2A3F-4237-B789-1B09368039BE}.Debug|Any CPU.Build.0 = Debug|Any CPU
		{26319180-2A3F-4237-B789-1B09368039BE}.Release|Any CPU.ActiveCfg = Release|Any CPU
		{26319180-2A3F-4237-B789-1B09368039BE}.Release|Any CPU.Build.0 = Release|Any CPU
	EndGlobalSection
	GlobalSection(SolutionProperties) = preSolution
		HideSolutionNode = FALSE
	EndGlobalSection
	GlobalSection(ExtensibilityGlobals) = postSolution
		SolutionGuid = {450F5845-016A-4105-A5E0-8DF793DE49C0}
	EndGlobalSection
EndGlobal
